// !$*UTF8*$!
{
	archiveVersion = 1;
	classes = {
	};
	objectVersion = 46;
	objects = {

/* Begin PBXBuildFile section */
		EDF3B4471ED284E900D0C4E9 /* main.m in Sources */ = {isa = PBXBuildFile; fileRef = EDF3B4461ED284E900D0C4E9 /* main.m */; };
		EDF3B44A1ED284E900D0C4E9 /* AppDelegate.m in Sources */ = {isa = PBXBuildFile; fileRef = EDF3B4491ED284E900D0C4E9 /* AppDelegate.m */; };
		EDF3B44D1ED284EA00D0C4E9 /* ViewController.m in Sources */ = {isa = PBXBuildFile; fileRef = EDF3B44C1ED284EA00D0C4E9 /* ViewController.m */; };
		EDF3B4501ED284EA00D0C4E9 /* Main.storyboard in Resources */ = {isa = PBXBuildFile; fileRef = EDF3B44E1ED284EA00D0C4E9 /* Main.storyboard */; };
		EDF3B4521ED284EA00D0C4E9 /* Assets.xcassets in Resources */ = {isa = PBXBuildFile; fileRef = EDF3B4511ED284EA00D0C4E9 /* Assets.xcassets */; };
		EDF3B4551ED284EA00D0C4E9 /* LaunchScreen.storyboard in Resources */ = {isa = PBXBuildFile; fileRef = EDF3B4531ED284EA00D0C4E9 /* LaunchScreen.storyboard */; };
		EDF3B45E1ED288E400D0C4E9 /* WaterRippleBtn.m in Sources */ = {isa = PBXBuildFile; fileRef = EDF3B45D1ED288E400D0C4E9 /* WaterRippleBtn.m */; };
/* End PBXBuildFile section */

/* Begin PBXFileReference section */
		EDF3B4421ED284E900D0C4E9 /* WaterRipples.app */ = {isa = PBXFileReference; explicitFileType = wrapper.application; includeInIndex = 0; path = WaterRipples.app; sourceTree = BUILT_PRODUCTS_DIR; };
		EDF3B4461ED284E900D0C4E9 /* main.m */ = {isa = PBXFileReference; lastKnownFileType = sourcecode.c.objc; path = main.m; sourceTree = "<group>"; };
		EDF3B4481ED284E900D0C4E9 /* AppDelegate.h */ = {isa = PBXFileReference; lastKnownFileType = sourcecode.c.h; path = AppDelegate.h; sourceTree = "<group>"; };
		EDF3B4491ED284E900D0C4E9 /* AppDelegate.m */ = {isa = PBXFileReference; lastKnownFileType = sourcecode.c.objc; path = AppDelegate.m; sourceTree = "<group>"; };
		EDF3B44B1ED284EA00D0C4E9 /* ViewController.h */ = {isa = PBXFileReference; lastKnownFileType = sourcecode.c.h; path = ViewController.h; sourceTree = "<group>"; };
		EDF3B44C1ED284EA00D0C4E9 /* ViewController.m */ = {isa = PBXFileReference; lastKnownFileType = sourcecode.c.objc; path = ViewController.m; sourceTree = "<group>"; };
		EDF3B44F1ED284EA00D0C4E9 /* Base */ = {isa = PBXFileReference; lastKnownFileType = file.storyboard; name = Base; path = Base.lproj/Main.storyboard; sourceTree = "<group>"; };
		EDF3B4511ED284EA00D0C4E9 /* Assets.xcassets */ = {isa = PBXFileReference; lastKnownFileType = folder.assetcatalog; path = Assets.xcassets; sourceTree = "<group>"; };
		EDF3B4541ED284EA00D0C4E9 /* Base */ = {isa = PBXFileReference; lastKnownFileType = file.storyboard; name = Base; path = Base.lproj/LaunchScreen.storyboard; sourceTree = "<group>"; };
		EDF3B4561ED284EA00D0C4E9 /* Info.plist */ = {isa = PBXFileReference; lastKnownFileType = text.plist.xml; path = Info.plist; sourceTree = "<group>"; };
		EDF3B45C1ED288E400D0C4E9 /* WaterRippleBtn.h */ = {isa = PBXFileReference; fileEncoding = 4; lastKnownFileType = sourcecode.c.h; path = WaterRippleBtn.h; sourceTree = "<group>"; };
		EDF3B45D1ED288E400D0C4E9 /* WaterRippleBtn.m */ = {isa = PBXFileReference; fileEncoding = 4; lastKnownFileType = sourcecode.c.objc; path = WaterRippleBtn.m; sourceTree = "<group>"; };
/* End PBXFileReference section */

/* Begin PBXFrameworksBuildPhase section */
		EDF3B43F1ED284E900D0C4E9 /* Frameworks */ = {
			isa = PBXFrameworksBuildPhase;
			buildActionMask = 2147483647;
			files = (
			);
			runOnlyForDeploymentPostprocessing = 0;
		};
/* End PBXFrameworksBuildPhase section */

/* Begin PBXGroup section */
		EDF3B4391ED284E900D0C4E9 = {
			isa = PBXGroup;
			children = (
				EDF3B4441ED284E900D0C4E9 /* WaterRipples */,
				EDF3B4431ED284E900D0C4E9 /* Products */,
			);
			sourceTree = "<group>";
		};
		EDF3B4431ED284E900D0C4E9 /* Products */ = {
			isa = PBXGroup;
			children = (
				EDF3B4421ED284E900D0C4E9 /* WaterRipples.app */,
			);
			name = Products;
			sourceTree = "<group>";
		};
		EDF3B4441ED284E900D0C4E9 /* WaterRipples */ = {
			isa = PBXGroup;
			children = (
				EDF3B4481ED284E900D0C4E9 /* AppDelegate.h */,
				EDF3B4491ED284E900D0C4E9 /* AppDelegate.m */,
				EDF3B45C1ED288E400D0C4E9 /* WaterRippleBtn.h */,
				EDF3B45D1ED288E400D0C4E9 /* WaterRippleBtn.m */,
				EDF3B44B1ED284EA00D0C4E9 /* ViewController.h */,
				EDF3B44C1ED284EA00D0C4E9 /* ViewController.m */,
				EDF3B44E1ED284EA00D0C4E9 /* Main.storyboard */,
				EDF3B4511ED284EA00D0C4E9 /* Assets.xcassets */,
				EDF3B4531ED284EA00D0C4E9 /* LaunchScreen.storyboard */,
				EDF3B4561ED284EA00D0C4E9 /* Info.plist */,
				EDF3B4451ED284E900D0C4E9 /* Supporting Files */,
			);
			path = WaterRipples;
			sourceTree = "<group>";
		};
		EDF3B4451ED284E900D0C4E9 /* Supporting Files */ = {
			isa = PBXGroup;
			children = (
				EDF3B4461ED284E900D0C4E9 /* main.m */,
			);
			name = "Supporting Files";
			sourceTree = "<group>";
		};
/* End PBXGroup section */

/* Begin PBXNativeTarget section */
		EDF3B4411ED284E900D0C4E9 /* WaterRipples */ = {
			isa = PBXNativeTarget;
			buildConfigurationList = EDF3B4591ED284EA00D0C4E9 /* Build configuration list for PBXNativeTarget "WaterRipples" */;
			buildPhases = (
				EDF3B43E1ED284E900D0C4E9 /* Sources */,
				EDF3B43F1ED284E900D0C4E9 /* Frameworks */,
				EDF3B4401ED284E900D0C4E9 /* Resources */,
			);
			buildRules = (
			);
			dependencies = (
			);
			name = WaterRipples;
			productName = WaterRipples;
			productReference = EDF3B4421ED284E900D0C4E9 /* WaterRipples.app */;
			productType = "com.apple.product-type.application";
		};
/* End PBXNativeTarget section */

/* Begin PBXProject section */
		EDF3B43A1ED284E900D0C4E9 /* Project object */ = {
			isa = PBXProject;
			attributes = {
				LastUpgradeCheck = 0830;
				ORGANIZATIONNAME = YehHenChia;
				TargetAttributes = {
					EDF3B4411ED284E900D0C4E9 = {
						CreatedOnToolsVersion = 8.3.2;
						ProvisioningStyle = Automatic;
					};
				};
			};
			buildConfigurationList = EDF3B43D1ED284E900D0C4E9 /* Build configuration list for PBXProject "WaterRipples" */;
			compatibilityVersion = "Xcode 3.2";
			developmentRegion = English;
			hasScannedForEncodings = 0;
			knownRegions = (
				en,
				Base,
			);
			mainGroup = EDF3B4391ED284E900D0C4E9;
			productRefGroup = EDF3B4431ED284E900D0C4E9 /* Products */;
			projectDirPath = "";
			projectRoot = "";
			targets = (
				EDF3B4411ED284E900D0C4E9 /* WaterRipples */,
			);
		};
/* End PBXProject section */

/* Begin PBXResourcesBuildPhase section */
		EDF3B4401ED284E900D0C4E9 /* Resources */ = {
			isa = PBXResourcesBuildPhase;
			buildActionMask = 2147483647;
			files = (
				EDF3B4551ED284EA00D0C4E9 /* LaunchScreen.storyboard in Resources */,
				EDF3B4521ED284EA00D0C4E9 /* Assets.xcassets in Resources */,
				EDF3B4501ED284EA00D0C4E9 /* Main.storyboard in Resources */,
			);
			runOnlyForDeploymentPostprocessing = 0;
		};
/* End PBXResourcesBuildPhase section */

/* Begin PBXSourcesBuildPhase section */
		EDF3B43E1ED284E900D0C4E9 /* Sources */ = {
			isa = PBXSourcesBuildPhase;
			buildActionMask = 2147483647;
			files = (
				EDF3B44D1ED284EA00D0C4E9 /* ViewController.m in Sources */,
				EDF3B44A1ED284E900D0C4E9 /* AppDelegate.m in Sources */,
				EDF3B45E1ED288E400D0C4E9 /* WaterRippleBtn.m in Sources */,
				EDF3B4471ED284E900D0C4E9 /* main.m in Sources */,
			);
			runOnlyForDeploymentPostprocessing = 0;
		};
/* End PBXSourcesBuildPhase section */

/* Begin PBXVariantGroup section */
		EDF3B44E1ED284EA00D0C4E9 /* Main.storyboard */ = {
			isa = PBXVariantGroup;
			children = (
				EDF3B44F1ED284EA00D0C4E9 /* Base */,
			);
			name = Main.storyboard;
			sourceTree = "<group>";
		};
		EDF3B4531ED284EA00D0C4E9 /* LaunchScreen.storyboard */ = {
			isa = PBXVariantGroup;
			children = (
				EDF3B4541ED284EA00D0C4E9 /* Base */,
			);
			name = LaunchScreen.storyboard;
			sourceTree = "<group>";
		};
/* End PBXVariantGroup section */

/* Begin XCBuildConfiguration section */
		EDF3B4571ED284EA00D0C4E9 /* Debug */ = {
			isa = XCBuildConfiguration;
			buildSettings = {
				ALWAYS_SEARCH_USER_PATHS = NO;
				CLANG_ANALYZER_NONNULL = YES;
				CLANG_ANALYZER_NUMBER_OBJECT_CONVERSION = YES_AGGRESSIVE;
				CLANG_CXX_LANGUAGE_STANDARD = "gnu++0x";
				CLANG_CXX_LIBRARY = "libc++";
				CLANG_ENABLE_MODULES = YES;
				CLANG_ENABLE_OBJC_ARC = YES;
				CLANG_WARN_BOOL_CONVERSION = YES;
				CLANG_WARN_CONSTANT_CONVERSION = YES;
				CLANG_WARN_DIRECT_OBJC_ISA_USAGE = YES_ERROR;
				CLANG_WARN_DOCUMENTATION_COMMENTS = YES;
				CLANG_WARN_EMPTY_BODY = YES;
				CLANG_WARN_ENUM_CONVERSION = YES;
				CLANG_WARN_INFINITE_RECURSION = YES;
				CLANG_WARN_INT_CONVERSION = YES;
				CLANG_WARN_OBJC_ROOT_CLASS = YES_ERROR;
				CLANG_WARN_SUSPICIOUS_MOVE = YES;
				CLANG_WARN_UNREACHABLE_CODE = YES;
				CLANG_WARN__DUPLICATE_METHOD_MATCH = YES;
				"CODE_SIGN_IDENTITY[sdk=iphoneos*]" = "iPhone Developer";
				COPY_PHASE_STRIP = NO;
				DEBUG_INFORMATION_FORMAT = dwarf;
				ENABLE_STRICT_OBJC_MSGSEND = YES;
				ENABLE_TESTABILITY = YES;
				GCC_C_LANGUAGE_STANDARD = gnu99;
				GCC_DYNAMIC_NO_PIC = NO;
				GCC_NO_COMMON_BLOCKS = YES;
				GCC_OPTIMIZATION_LEVEL = 0;
				GCC_PREPROCESSOR_DEFINITIONS = (
					"DEBUG=1",
					"$(inherited)",
				);
				GCC_WARN_64_TO_32_BIT_CONVERSION = YES;
				GCC_WARN_ABOUT_RETURN_TYPE = YES_ERROR;
				GCC_WARN_UNDECLARED_SELECTOR = YES;
				GCC_WARN_UNINITIALIZED_AUTOS = YES_AGGRESSIVE;
				GCC_WARN_UNUSED_FUNCTION = YES;
				GCC_WARN_UNUSED_VARIABLE = YES;
				IPHONEOS_DEPLOYMENT_TARGET = 10.3;
				MTL_ENABLE_DEBUG_INFO = YES;
				ONLY_ACTIVE_ARCH = YES;
				SDKROOT = iphoneos;
				TARGETED_DEVICE_FAMILY = "1,2";
			};
			name = Debug;
		};
		EDF3B4581ED284EA00D0C4E9 /* Release */ = {
			isa = XCBuildConfiguration;
			buildSettings = {
				ALWAYS_SEARCH_USER_PATHS = NO;
				CLANG_ANALYZER_NONNULL = YES;
				CLANG_ANALYZER_NUMBER_OBJECT_CONVERSION = YES_AGGRESSIVE;
				CLANG_CXX_LANGUAGE_STANDARD = "gnu++0x";
				CLANG_CXX_LIBRARY = "libc++";
				CLANG_ENABLE_MODULES = YES;
				CLANG_ENABLE_OBJC_ARC = YES;
				CLANG_WARN_BOOL_CONVERSION = YES;
				CLANG_WARN_CONSTANT_CONVERSION = YES;
				CLANG_WARN_DIRECT_OBJC_ISA_USAGE = YES_ERROR;
				CLANG_WARN_DOCUMENTATION_COMMENTS = YES;
				CLANG_WARN_EMPTY_BODY = YES;
				CLANG_WARN_ENUM_CONVERSION = YES;
				CLANG_WARN_INFINITE_RECURSION = YES;
				CLANG_WARN_INT_CONVERSION = YES;
				CLANG_WARN_OBJC_ROOT_CLASS = YES_ERROR;
				CLANG_WARN_SUSPICIOUS_MOVE = YES;
				CLANG_WARN_UNREACHABLE_CODE = YES;
				CLANG_WARN__DUPLICATE_METHOD_MATCH = YES;
				"CODE_SIGN_IDENTITY[sdk=iphoneos*]" = "iPhone Developer";
				COPY_PHASE_STRIP = NO;
				DEBUG_INFORMATION_FORMAT = "dwarf-with-dsym";
				ENABLE_NS_ASSERTIONS = NO;
				ENABLE_STRICT_OBJC_MSGSEND = YES;
				GCC_C_LANGUAGE_STANDARD = gnu99;
				GCC_NO_COMMON_BLOCKS = YES;
				GCC_WARN_64_TO_32_BIT_CONVERSION = YES;
				GCC_WARN_ABOUT_RETURN_TYPE = YES_ERROR;
				GCC_WARN_UNDECLARED_SELECTOR = YES;
				GCC_WARN_UNINITIALIZED_AUTOS = YES_AGGRESSIVE;
				GCC_WARN_UNUSED_FUNCTION = YES;
				GCC_WARN_UNUSED_VARIABLE = YES;
				IPHONEOS_DEPLOYMENT_TARGET = 10.3;
				MTL_ENABLE_DEBUG_INFO = NO;
				SDKROOT = iphoneos;
				TARGETED_DEVICE_FAMILY = "1,2";
				VALIDATE_PRODUCT = YES;
			};
			name = Release;
		};
		EDF3B45A1ED284EA00D0C4E9 /* Debug */ = {
			isa = XCBuildConfiguration;
			buildSettings = {
				ASSETCATALOG_COMPILER_APPICON_NAME = AppIcon;
				INFOPLIST_FILE = WaterRipples/Info.plist;
				LD_RUNPATH_SEARCH_PATHS = "$(inherited) @executable_path/Frameworks";
				PRODUCT_BUNDLE_IDENTIFIER = momo.WaterRipples;
				PRODUCT_NAME = "$(TARGET_NAME)";
			};
			name = Debug;
		};
		EDF3B45B1ED284EA00D0C4E9 /* Release */ = {
			isa = XCBuildConfiguration;
			buildSettings = {
				ASSETCATALOG_COMPILER_APPICON_NAME = AppIcon;
				INFOPLIST_FILE = WaterRipples/Info.plist;
				LD_RUNPATH_SEARCH_PATHS = "$(inherited) @executable_path/Frameworks";
				PRODUCT_BUNDLE_IDENTIFIER = momo.WaterRipples;
				PRODUCT_NAME = "$(TARGET_NAME)";
			};
			name = Release;
		};
/* End XCBuildConfiguration section */

/* Begin XCConfigurationList section */
		EDF3B43D1ED284E900D0C4E9 /* Build configuration list for PBXProject "WaterRipples" */ = {
			isa = XCConfigurationList;
			buildConfigurations = (
				EDF3B4571ED284EA00D0C4E9 /* Debug */,
				EDF3B4581ED284EA00D0C4E9 /* Release */,
			);
			defaultConfigurationIsVisible = 0;
			defaultConfigurationName = Release;
		};
		EDF3B4591ED284EA00D0C4E9 /* Build configuration list for PBXNativeTarget "WaterRipples" */ = {
			isa = XCConfigurationList;
			buildConfigurations = (
				EDF3B45A1ED284EA00D0C4E9 /* Debug */,
				EDF3B45B1ED284EA00D0C4E9 /* Release */,
			);
			defaultConfigurationIsVisible = 0;
		};
/* End XCConfigurationList section */
	};
	rootObject = EDF3B43A1ED284E900D0C4E9 /* Project object */;
}
